
Microsoft Visual Studio Solution File, Format Version 12.00
# Visual Studio 14
VisualStudioVersion = 14.0.25420.1
MinimumVisualStudioVersion = 10.0.40219.1
Project("{FAE04EC0-301F-11D3-BF4B-00C04F79EFBC}") = "GwentApiWrapper", "GwentApiWrapper\GwentApiWrapper.csproj", "{014464E5-447F-4829-BE7B-3582139153B5}"
EndProject
Project("{FAE04EC0-301F-11D3-BF4B-00C04F79EFBC}") = "GwentSite.ApiWrapper", "GwentSite.ApiWrapper\GwentSite.ApiWrapper.csproj", "{389DB534-1471-48E5-B4E6-8F3EC17029DC}"
EndProject
Project("{FAE04EC0-301F-11D3-BF4B-00C04F79EFBC}") = "GwentSite.Tests", "GwentSite.Tests\GwentSite.Tests.csproj", "{2CC56CE7-C44E-452B-8BEB-49ED8F6143AB}"
EndProject
Project("{FAE04EC0-301F-11D3-BF4B-00C04F79EFBC}") = "GwentSite.WebUI", "GwentSite.WebUI\GwentSite.WebUI.csproj", "{6D855DD3-4776-4AF5-B3FA-225E969C7BB1}"
EndProject
Global
	GlobalSection(SolutionConfigurationPlatforms) = preSolution
		Debug|Any CPU = Debug|Any CPU
		Release|Any CPU = Release|Any CPU
	EndGlobalSection
	GlobalSection(ProjectConfigurationPlatforms) = postSolution
		{014464E5-447F-4829-BE7B-3582139153B5}.Debug|Any CPU.ActiveCfg = Debug|Any CPU
		{014464E5-447F-4829-BE7B-3582139153B5}.Debug|Any CPU.Build.0 = Debug|Any CPU
		{014464E5-447F-4829-BE7B-3582139153B5}.Release|Any CPU.ActiveCfg = Release|Any CPU
		{014464E5-447F-4829-BE7B-3582139153B5}.Release|Any CPU.Build.0 = Release|Any CPU
		{389DB534-1471-48E5-B4E6-8F3EC17029DC}.Debug|Any CPU.ActiveCfg = Debug|Any CPU
		{389DB534-1471-48E5-B4E6-8F3EC17029DC}.Debug|Any CPU.Build.0 = Debug|Any CPU
		{389DB534-1471-48E5-B4E6-8F3EC17029DC}.Release|Any CPU.ActiveCfg = Release|Any CPU
		{389DB534-1471-48E5-B4E6-8F3EC17029DC}.Release|Any CPU.Build.0 = Release|Any CPU
		{2CC56CE7-C44E-452B-8BEB-49ED8F6143AB}.Debug|Any CPU.ActiveCfg = Debug|Any CPU
		{2CC56CE7-C44E-452B-8BEB-49ED8F6143AB}.Debug|Any CPU.Build.0 = Debug|Any CPU
		{2CC56CE7-C44E-452B-8BEB-49ED8F6143AB}.Release|Any CPU.ActiveCfg = Release|Any CPU
		{2CC56CE7-C44E-452B-8BEB-49ED8F6143AB}.Release|Any CPU.Build.0 = Release|Any CPU
		{6D855DD3-4776-4AF5-B3FA-225E969C7BB1}.Debug|Any CPU.ActiveCfg = Debug|Any CPU
		{6D855DD3-4776-4AF5-B3FA-225E969C7BB1}.Debug|Any CPU.Build.0 = Debug|Any CPU
		{6D855DD3-4776-4AF5-B3FA-225E969C7BB1}.Release|Any CPU.ActiveCfg = Release|Any CPU
		{6D855DD3-4776-4AF5-B3FA-225E969C7BB1}.Release|Any CPU.Build.0 = Release|Any CPU
	EndGlobalSection
	GlobalSection(SolutionProperties) = preSolution
		HideSolutionNode = FALSE
	EndGlobalSection
EndGlobal
